// !$*UTF8*$!
{
	archiveVersion = 1;
	classes = {
	};
	objectVersion = 46;
	objects = {

/* Begin PBXBuildFile section */
		024C5C8C190EA6D8005974B9 /* Foundation.framework in Frameworks */ = {isa = PBXBuildFile; fileRef = 024C5C8B190EA6D8005974B9 /* Foundation.framework */; };
		024C5C8E190EA6D8005974B9 /* CoreGraphics.framework in Frameworks */ = {isa = PBXBuildFile; fileRef = 024C5C8D190EA6D8005974B9 /* CoreGraphics.framework */; };
		024C5C90190EA6D8005974B9 /* UIKit.framework in Frameworks */ = {isa = PBXBuildFile; fileRef = 024C5C8F190EA6D8005974B9 /* UIKit.framework */; };
		024C5C96190EA6D8005974B9 /* InfoPlist.strings in Resources */ = {isa = PBXBuildFile; fileRef = 024C5C94190EA6D8005974B9 /* InfoPlist.strings */; };
		024C5C98190EA6D8005974B9 /* main.m in Sources */ = {isa = PBXBuildFile; fileRef = 024C5C97190EA6D8005974B9 /* main.m */; };
		024C5C9C190EA6D8005974B9 /* AppDelegate.m in Sources */ = {isa = PBXBuildFile; fileRef = 024C5C9B190EA6D8005974B9 /* AppDelegate.m */; };
		024C5CA2190EA6D8005974B9 /* Main_iPad.storyboard in Resources */ = {isa = PBXBuildFile; fileRef = 024C5CA0190EA6D8005974B9 /* Main_iPad.storyboard */; };
		024C5CA5190EA6D8005974B9 /* ViewController.mm in Sources */ = {isa = PBXBuildFile; fileRef = 024C5CA4190EA6D8005974B9 /* ViewController.mm */; };
		024C5CA7190EA6D8005974B9 /* Images.xcassets in Resources */ = {isa = PBXBuildFile; fileRef = 024C5CA6190EA6D8005974B9 /* Images.xcassets */; };
		024C5D05190EAB3D005974B9 /* libTouchVG.a in Frameworks */ = {isa = PBXBuildFile; fileRef = 024C5CC5190EAB3D005974B9 /* libTouchVG.a */; };
		024C5D06190EAB3D005974B9 /* libTouchVGCore.a in Frameworks */ = {isa = PBXBuildFile; fileRef = 024C5CC6190EAB3D005974B9 /* libTouchVGCore.a */; };
		024C5D07190EAB3D005974B9 /* Readme.txt in Resources */ = {isa = PBXBuildFile; fileRef = 024C5CC7190EAB3D005974B9 /* Readme.txt */; };
		024C5D09190EB36C005974B9 /* QuartzCore.framework in Frameworks */ = {isa = PBXBuildFile; fileRef = 024C5D08190EB36C005974B9 /* QuartzCore.framework */; };
		024C5D29190EC3EF005974B9 /* Black.png in Resources */ = {isa = PBXBuildFile; fileRef = 024C5D0F190EC3EE005974B9 /* Black.png */; };
		024C5D2A190EC3EF005974B9 /* Black@2x.png in Resources */ = {isa = PBXBuildFile; fileRef = 024C5D10190EC3EE005974B9 /* Black@2x.png */; };
		024C5D2B190EC3EF005974B9 /* Blue.png in Resources */ = {isa = PBXBuildFile; fileRef = 024C5D11190EC3EE005974B9 /* Blue.png */; };
		024C5D2C190EC3EF005974B9 /* Blue@2x.png in Resources */ = {isa = PBXBuildFile; fileRef = 024C5D12190EC3EE005974B9 /* Blue@2x.png */; };
		024C5D2D190EC3EF005974B9 /* Brown.png in Resources */ = {isa = PBXBuildFile; fileRef = 024C5D13190EC3EE005974B9 /* Brown.png */; };
		024C5D2E190EC3EF005974B9 /* Brown@2x.png in Resources */ = {isa = PBXBuildFile; fileRef = 024C5D14190EC3EE005974B9 /* Brown@2x.png */; };
		024C5D2F190EC3EF005974B9 /* DarkGreen.png in Resources */ = {isa = PBXBuildFile; fileRef = 024C5D15190EC3EE005974B9 /* DarkGreen.png */; };
		024C5D30190EC3EF005974B9 /* DarkGreen@2x.png in Resources */ = {isa = PBXBuildFile; fileRef = 024C5D16190EC3EE005974B9 /* DarkGreen@2x.png */; };
		024C5D31190EC3EF005974B9 /* DarkOrange.png in Resources */ = {isa = PBXBuildFile; fileRef = 024C5D17190EC3EE005974B9 /* DarkOrange.png */; };
		024C5D32190EC3EF005974B9 /* DarkOrange@2x.png in Resources */ = {isa = PBXBuildFile; fileRef = 024C5D18190EC3EE005974B9 /* DarkOrange@2x.png */; };
		024C5D33190EC3EF005974B9 /* Eraser.png in Resources */ = {isa = PBXBuildFile; fileRef = 024C5D19190EC3EE005974B9 /* Eraser.png */; };
		024C5D34190EC3EF005974B9 /* Eraser@2x.png in Resources */ = {isa = PBXBuildFile; fileRef = 024C5D1A190EC3EE005974B9 /* Eraser@2x.png */; };
		024C5D35190EC3EF005974B9 /* Grey.png in Resources */ = {isa = PBXBuildFile; fileRef = 024C5D1B190EC3EE005974B9 /* Grey.png */; };
		024C5D36190EC3EF005974B9 /* Grey@2x.png in Resources */ = {isa = PBXBuildFile; fileRef = 024C5D1C190EC3EE005974B9 /* Grey@2x.png */; };
		024C5D37190EC3EF005974B9 /* LightBlue.png in Resources */ = {isa = PBXBuildFile; fileRef = 024C5D1D190EC3EE005974B9 /* LightBlue.png */; };
		024C5D38190EC3EF005974B9 /* LightBlue@2x.png in Resources */ = {isa = PBXBuildFile; fileRef = 024C5D1E190EC3EE005974B9 /* LightBlue@2x.png */; };
		024C5D39190EC3EF005974B9 /* LightGreen.png in Resources */ = {isa = PBXBuildFile; fileRef = 024C5D1F190EC3EF005974B9 /* LightGreen.png */; };
		024C5D3A190EC3EF005974B9 /* LightGreen@2x.png in Resources */ = {isa = PBXBuildFile; fileRef = 024C5D20190EC3EF005974B9 /* LightGreen@2x.png */; };
		024C5D3B190EC3EF005974B9 /* Red.png in Resources */ = {isa = PBXBuildFile; fileRef = 024C5D21190EC3EF005974B9 /* Red.png */; };
		024C5D3C190EC3EF005974B9 /* Red@2x.png in Resources */ = {isa = PBXBuildFile; fileRef = 024C5D22190EC3EF005974B9 /* Red@2x.png */; };
		024C5D3D190EC3EF005974B9 /* Setting-1.png in Resources */ = {isa = PBXBuildFile; fileRef = 024C5D23190EC3EF005974B9 /* Setting-1.png */; };
		024C5D3E190EC3EF005974B9 /* Setting-1@2x.png in Resources */ = {isa = PBXBuildFile; fileRef = 024C5D24190EC3EF005974B9 /* Setting-1@2x.png */; };
		024C5D3F190EC3EF005974B9 /* Setting-2.png in Resources */ = {isa = PBXBuildFile; fileRef = 024C5D25190EC3EF005974B9 /* Setting-2.png */; };
		024C5D40190EC3EF005974B9 /* Setting-2@2x.png in Resources */ = {isa = PBXBuildFile; fileRef = 024C5D26190EC3EF005974B9 /* Setting-2@2x.png */; };
		024C5D41190EC3EF005974B9 /* Yellow.png in Resources */ = {isa = PBXBuildFile; fileRef = 024C5D27190EC3EF005974B9 /* Yellow.png */; };
		024C5D42190EC3EF005974B9 /* Yellow@2x.png in Resources */ = {isa = PBXBuildFile; fileRef = 024C5D28190EC3EF005974B9 /* Yellow@2x.png */; };
		BFDEFBA8190FB2E600EFC891 /* SettingViewController.m in Sources */ = {isa = PBXBuildFile; fileRef = BFDEFBA7190FB2E600EFC891 /* SettingViewController.m */; };
		BFDEFBAE191007C600EFC891 /* Main_iPhone.storyboard in Resources */ = {isa = PBXBuildFile; fileRef = BFDEFBAD191007C600EFC891 /* Main_iPhone.storyboard */; };
/* End PBXBuildFile section */

/* Begin PBXFileReference section */
		024C5C88190EA6D8005974B9 /* HelloWorld.app */ = {isa = PBXFileReference; explicitFileType = wrapper.application; includeInIndex = 0; path = HelloWorld.app; sourceTree = BUILT_PRODUCTS_DIR; };
		024C5C8B190EA6D8005974B9 /* Foundation.framework */ = {isa = PBXFileReference; lastKnownFileType = wrapper.framework; name = Foundation.framework; path = System/Library/Frameworks/Foundation.framework; sourceTree = SDKROOT; };
		024C5C8D190EA6D8005974B9 /* CoreGraphics.framework */ = {isa = PBXFileReference; lastKnownFileType = wrapper.framework; name = CoreGraphics.framework; path = System/Library/Frameworks/CoreGraphics.framework; sourceTree = SDKROOT; };
		024C5C8F190EA6D8005974B9 /* UIKit.framework */ = {isa = PBXFileReference; lastKnownFileType = wrapper.framework; name = UIKit.framework; path = System/Library/Frameworks/UIKit.framework; sourceTree = SDKROOT; };
		024C5C93190EA6D8005974B9 /* HelloWorld-Info.plist */ = {isa = PBXFileReference; lastKnownFileType = text.plist.xml; path = "HelloWorld-Info.plist"; sourceTree = "<group>"; };
		024C5C95190EA6D8005974B9 /* en */ = {isa = PBXFileReference; lastKnownFileType = text.plist.strings; name = en; path = en.lproj/InfoPlist.strings; sourceTree = "<group>"; };
		024C5C97190EA6D8005974B9 /* main.m */ = {isa = PBXFileReference; lastKnownFileType = sourcecode.c.objc; path = main.m; sourceTree = "<group>"; };
		024C5C99190EA6D8005974B9 /* HelloWorld-Prefix.pch */ = {isa = PBXFileReference; lastKnownFileType = sourcecode.c.h; path = "HelloWorld-Prefix.pch"; sourceTree = "<group>"; };
		024C5C9A190EA6D8005974B9 /* AppDelegate.h */ = {isa = PBXFileReference; lastKnownFileType = sourcecode.c.h; path = AppDelegate.h; sourceTree = "<group>"; };
		024C5C9B190EA6D8005974B9 /* AppDelegate.m */ = {isa = PBXFileReference; lastKnownFileType = sourcecode.c.objc; path = AppDelegate.m; sourceTree = "<group>"; };
		024C5CA1190EA6D8005974B9 /* Base */ = {isa = PBXFileReference; lastKnownFileType = file.storyboard; name = Base; path = Base.lproj/Main_iPad.storyboard; sourceTree = "<group>"; };
		024C5CA3190EA6D8005974B9 /* ViewController.h */ = {isa = PBXFileReference; lastKnownFileType = sourcecode.c.h; path = ViewController.h; sourceTree = "<group>"; };
		024C5CA4190EA6D8005974B9 /* ViewController.mm */ = {isa = PBXFileReference; lastKnownFileType = sourcecode.cpp.objcpp; path = ViewController.mm; sourceTree = "<group>"; };
		024C5CA6190EA6D8005974B9 /* Images.xcassets */ = {isa = PBXFileReference; lastKnownFileType = folder.assetcatalog; path = Images.xcassets; sourceTree = "<group>"; };
		024C5CC5190EAB3D005974B9 /* libTouchVG.a */ = {isa = PBXFileReference; lastKnownFileType = archive.ar; path = libTouchVG.a; sourceTree = "<group>"; };
		024C5CC6190EAB3D005974B9 /* libTouchVGCore.a */ = {isa = PBXFileReference; lastKnownFileType = archive.ar; path = libTouchVGCore.a; sourceTree = "<group>"; };
		024C5CC7190EAB3D005974B9 /* Readme.txt */ = {isa = PBXFileReference; fileEncoding = 4; lastKnownFileType = text; path = Readme.txt; sourceTree = "<group>"; };
		024C5CC9190EAB3D005974B9 /* GiCanvasAdapter.h */ = {isa = PBXFileReference; fileEncoding = 4; lastKnownFileType = sourcecode.c.h; path = GiCanvasAdapter.h; sourceTree = "<group>"; };
		024C5CCA190EAB3D005974B9 /* GiPaintView.h */ = {isa = PBXFileReference; fileEncoding = 4; lastKnownFileType = sourcecode.c.h; path = GiPaintView.h; sourceTree = "<group>"; };
		024C5CCB190EAB3D005974B9 /* GiPaintViewDelegate.h */ = {isa = PBXFileReference; fileEncoding = 4; lastKnownFileType = sourcecode.c.h; path = GiPaintViewDelegate.h; sourceTree = "<group>"; };
		024C5CCC190EAB3D005974B9 /* GiViewHelper.h */ = {isa = PBXFileReference; fileEncoding = 4; lastKnownFileType = sourcecode.c.h; path = GiViewHelper.h; sourceTree = "<group>"; };
		024C5CCE190EAB3D005974B9 /* cmdbasic.h */ = {isa = PBXFileReference; fileEncoding = 4; lastKnownFileType = sourcecode.c.h; path = cmdbasic.h; sourceTree = "<group>"; };
		024C5CCF190EAB3D005974B9 /* cmdobserver.h */ = {isa = PBXFileReference; fileEncoding = 4; lastKnownFileType = sourcecode.c.h; path = cmdobserver.h; sourceTree = "<group>"; };
		024C5CD0190EAB3D005974B9 /* cmdsubject.h */ = {isa = PBXFileReference; fileEncoding = 4; lastKnownFileType = sourcecode.c.h; path = cmdsubject.h; sourceTree = "<group>"; };
		024C5CD1190EAB3D005974B9 /* gicanvas.h */ = {isa = PBXFileReference; fileEncoding = 4; lastKnownFileType = sourcecode.c.h; path = gicanvas.h; sourceTree = "<group>"; };
		024C5CD2190EAB3D005974B9 /* gicolor.h */ = {isa = PBXFileReference; fileEncoding = 4; lastKnownFileType = sourcecode.c.h; path = gicolor.h; sourceTree = "<group>"; };
		024C5CD3190EAB3D005974B9 /* gicontxt.h */ = {isa = PBXFileReference; fileEncoding = 4; lastKnownFileType = sourcecode.c.h; path = gicontxt.h; sourceTree = "<group>"; };
		024C5CD4190EAB3D005974B9 /* gicoreview.h */ = {isa = PBXFileReference; fileEncoding = 4; lastKnownFileType = sourcecode.c.h; path = gicoreview.h; sourceTree = "<group>"; };
		024C5CD5190EAB3D005974B9 /* gigesture.h */ = {isa = PBXFileReference; fileEncoding = 4; lastKnownFileType = sourcecode.c.h; path = gigesture.h; sourceTree = "<group>"; };
		024C5CD6190EAB3D005974B9 /* gigraph.h */ = {isa = PBXFileReference; fileEncoding = 4; lastKnownFileType = sourcecode.c.h; path = gigraph.h; sourceTree = "<group>"; };
		024C5CD7190EAB3D005974B9 /* gilock.h */ = {isa = PBXFileReference; fileEncoding = 4; lastKnownFileType = sourcecode.c.h; path = gilock.h; sourceTree = "<group>"; };
		024C5CD8190EAB3D005974B9 /* gipath.h */ = {isa = PBXFileReference; fileEncoding = 4; lastKnownFileType = sourcecode.c.h; path = gipath.h; sourceTree = "<group>"; };
		024C5CD9190EAB3D005974B9 /* giplaying.h */ = {isa = PBXFileReference; fileEncoding = 4; lastKnownFileType = sourcecode.c.h; path = giplaying.h; sourceTree = "<group>"; };
		024C5CDA190EAB3D005974B9 /* giview.h */ = {isa = PBXFileReference; fileEncoding = 4; lastKnownFileType = sourcecode.c.h; path = giview.h; sourceTree = "<group>"; };
		024C5CDB190EAB3D005974B9 /* gixform.h */ = {isa = PBXFileReference; fileEncoding = 4; lastKnownFileType = sourcecode.c.h; path = gixform.h; sourceTree = "<group>"; };
		024C5CDC190EAB3D005974B9 /* mgaction.h */ = {isa = PBXFileReference; fileEncoding = 4; lastKnownFileType = sourcecode.c.h; path = mgaction.h; sourceTree = "<group>"; };
		024C5CDD190EAB3D005974B9 /* mgbase.h */ = {isa = PBXFileReference; fileEncoding = 4; lastKnownFileType = sourcecode.c.h; path = mgbase.h; sourceTree = "<group>"; };
		024C5CDE190EAB3D005974B9 /* mgbasicsp.h */ = {isa = PBXFileReference; fileEncoding = 4; lastKnownFileType = sourcecode.c.h; path = mgbasicsp.h; sourceTree = "<group>"; };
		024C5CDF190EAB3D005974B9 /* mgbasicspreg.h */ = {isa = PBXFileReference; fileEncoding = 4; lastKnownFileType = sourcecode.c.h; path = mgbasicspreg.h; sourceTree = "<group>"; };
		024C5CE0190EAB3D005974B9 /* mgbox.h */ = {isa = PBXFileReference; fileEncoding = 4; lastKnownFileType = sourcecode.c.h; path = mgbox.h; sourceTree = "<group>"; };
		024C5CE1190EAB3D005974B9 /* mgcmd.h */ = {isa = PBXFileReference; fileEncoding = 4; lastKnownFileType = sourcecode.c.h; path = mgcmd.h; sourceTree = "<group>"; };
		024C5CE2190EAB3D005974B9 /* mgcmddraw.h */ = {isa = PBXFileReference; fileEncoding = 4; lastKnownFileType = sourcecode.c.h; path = mgcmddraw.h; sourceTree = "<group>"; };
		024C5CE3190EAB3D005974B9 /* mgcmdmgr.h */ = {isa = PBXFileReference; fileEncoding = 4; lastKnownFileType = sourcecode.c.h; path = mgcmdmgr.h; sourceTree = "<group>"; };
		024C5CE4190EAB3D005974B9 /* mgcmdmgrfactory.h */ = {isa = PBXFileReference; fileEncoding = 4; lastKnownFileType = sourcecode.c.h; path = mgcmdmgrfactory.h; sourceTree = "<group>"; };
		024C5CE5190EAB3D005974B9 /* mgcomposite.h */ = {isa = PBXFileReference; fileEncoding = 4; lastKnownFileType = sourcecode.c.h; path = mgcomposite.h; sourceTree = "<group>"; };
		024C5CE6190EAB3D005974B9 /* mgcoreview.h */ = {isa = PBXFileReference; fileEncoding = 4; lastKnownFileType = sourcecode.c.h; path = mgcoreview.h; sourceTree = "<group>"; };
		024C5CE7190EAB3D005974B9 /* mgcurv.h */ = {isa = PBXFileReference; fileEncoding = 4; lastKnownFileType = sourcecode.c.h; path = mgcurv.h; sourceTree = "<group>"; };
		024C5CE8190EAB3D005974B9 /* mgdef.h */ = {isa = PBXFileReference; fileEncoding = 4; lastKnownFileType = sourcecode.c.h; path = mgdef.h; sourceTree = "<group>"; };
		024C5CE9190EAB3D005974B9 /* mgdrawarc.h */ = {isa = PBXFileReference; fileEncoding = 4; lastKnownFileType = sourcecode.c.h; path = mgdrawarc.h; sourceTree = "<group>"; };
		024C5CEA190EAB3D005974B9 /* mgdrawrect.h */ = {isa = PBXFileReference; fileEncoding = 4; lastKnownFileType = sourcecode.c.h; path = mgdrawrect.h; sourceTree = "<group>"; };
		024C5CEB190EAB3D005974B9 /* mggrid.h */ = {isa = PBXFileReference; fileEncoding = 4; lastKnownFileType = sourcecode.c.h; path = mggrid.h; sourceTree = "<group>"; };
		024C5CEC190EAB3D005974B9 /* mgjsonstorage.h */ = {isa = PBXFileReference; fileEncoding = 4; lastKnownFileType = sourcecode.c.h; path = mgjsonstorage.h; sourceTree = "<group>"; };
		024C5CED190EAB3D005974B9 /* mglayer.h */ = {isa = PBXFileReference; fileEncoding = 4; lastKnownFileType = sourcecode.c.h; path = mglayer.h; sourceTree = "<group>"; };
		024C5CEE190EAB3D005974B9 /* mglnrel.h */ = {isa = PBXFileReference; fileEncoding = 4; lastKnownFileType = sourcecode.c.h; path = mglnrel.h; sourceTree = "<group>"; };
		024C5CEF190EAB3D005974B9 /* mglog.h */ = {isa = PBXFileReference; fileEncoding = 4; lastKnownFileType = sourcecode.c.h; path = mglog.h; sourceTree = "<group>"; };
		024C5CF0190EAB3D005974B9 /* mgmat.h */ = {isa = PBXFileReference; fileEncoding = 4; lastKnownFileType = sourcecode.c.h; path = mgmat.h; sourceTree = "<group>"; };
		024C5CF1190EAB3D005974B9 /* mgnear.h */ = {isa = PBXFileReference; fileEncoding = 4; lastKnownFileType = sourcecode.c.h; path = mgnear.h; sourceTree = "<group>"; };
		024C5CF2190EAB3D005974B9 /* mgobject.h */ = {isa = PBXFileReference; fileEncoding = 4; lastKnownFileType = sourcecode.c.h; path = mgobject.h; sourceTree = "<group>"; };
		024C5CF3190EAB3D005974B9 /* mgpnt.h */ = {isa = PBXFileReference; fileEncoding = 4; lastKnownFileType = sourcecode.c.h; path = mgpnt.h; sourceTree = "<group>"; };
		024C5CF4190EAB3D005974B9 /* mgselect.h */ = {isa = PBXFileReference; fileEncoding = 4; lastKnownFileType = sourcecode.c.h; path = mgselect.h; sourceTree = "<group>"; };
		024C5CF5190EAB3D005974B9 /* mgshape.h */ = {isa = PBXFileReference; fileEncoding = 4; lastKnownFileType = sourcecode.c.h; path = mgshape.h; sourceTree = "<group>"; };
		024C5CF6190EAB3D005974B9 /* mgshape_.h */ = {isa = PBXFileReference; fileEncoding = 4; lastKnownFileType = sourcecode.c.h; path = mgshape_.h; sourceTree = "<group>"; };
		024C5CF7190EAB3D005974B9 /* mgshapedoc.h */ = {isa = PBXFileReference; fileEncoding = 4; lastKnownFileType = sourcecode.c.h; path = mgshapedoc.h; sourceTree = "<group>"; };
		024C5CF8190EAB3D005974B9 /* mgshapes.h */ = {isa = PBXFileReference; fileEncoding = 4; lastKnownFileType = sourcecode.c.h; path = mgshapes.h; sourceTree = "<group>"; };
		024C5CF9190EAB3D005974B9 /* mgshapet.h */ = {isa = PBXFileReference; fileEncoding = 4; lastKnownFileType = sourcecode.c.h; path = mgshapet.h; sourceTree = "<group>"; };
		024C5CFA190EAB3D005974B9 /* mgshapetype.h */ = {isa = PBXFileReference; fileEncoding = 4; lastKnownFileType = sourcecode.c.h; path = mgshapetype.h; sourceTree = "<group>"; };
		024C5CFB190EAB3D005974B9 /* mgsnap.h */ = {isa = PBXFileReference; fileEncoding = 4; lastKnownFileType = sourcecode.c.h; path = mgsnap.h; sourceTree = "<group>"; };
		024C5CFC190EAB3D005974B9 /* mgspfactory.h */ = {isa = PBXFileReference; fileEncoding = 4; lastKnownFileType = sourcecode.c.h; path = mgspfactory.h; sourceTree = "<group>"; };
		024C5CFD190EAB3D005974B9 /* mgstorage.h */ = {isa = PBXFileReference; fileEncoding = 4; lastKnownFileType = sourcecode.c.h; path = mgstorage.h; sourceTree = "<group>"; };
		024C5CFE190EAB3D005974B9 /* mgtol.h */ = {isa = PBXFileReference; fileEncoding = 4; lastKnownFileType = sourcecode.c.h; path = mgtol.h; sourceTree = "<group>"; };
		024C5CFF190EAB3D005974B9 /* mgvec.h */ = {isa = PBXFileReference; fileEncoding = 4; lastKnownFileType = sourcecode.c.h; path = mgvec.h; sourceTree = "<group>"; };
		024C5D00190EAB3D005974B9 /* mgvector.h */ = {isa = PBXFileReference; fileEncoding = 4; lastKnownFileType = sourcecode.c.h; path = mgvector.h; sourceTree = "<group>"; };
		024C5D01190EAB3D005974B9 /* mgview.h */ = {isa = PBXFileReference; fileEncoding = 4; lastKnownFileType = sourcecode.c.h; path = mgview.h; sourceTree = "<group>"; };
		024C5D02190EAB3D005974B9 /* RandomShape.h */ = {isa = PBXFileReference; fileEncoding = 4; lastKnownFileType = sourcecode.c.h; path = RandomShape.h; sourceTree = "<group>"; };
		024C5D03190EAB3D005974B9 /* spfactoryimpl.h */ = {isa = PBXFileReference; fileEncoding = 4; lastKnownFileType = sourcecode.c.h; path = spfactoryimpl.h; sourceTree = "<group>"; };
		024C5D04190EAB3D005974B9 /* testcanvas.h */ = {isa = PBXFileReference; fileEncoding = 4; lastKnownFileType = sourcecode.c.h; path = testcanvas.h; sourceTree = "<group>"; };
		024C5D08190EB36C005974B9 /* QuartzCore.framework */ = {isa = PBXFileReference; lastKnownFileType = wrapper.framework; name = QuartzCore.framework; path = System/Library/Frameworks/QuartzCore.framework; sourceTree = SDKROOT; };
		024C5D0F190EC3EE005974B9 /* Black.png */ = {isa = PBXFileReference; lastKnownFileType = image.png; path = Black.png; sourceTree = "<group>"; };
		024C5D10190EC3EE005974B9 /* Black@2x.png */ = {isa = PBXFileReference; lastKnownFileType = image.png; path = "Black@2x.png"; sourceTree = "<group>"; };
		024C5D11190EC3EE005974B9 /* Blue.png */ = {isa = PBXFileReference; lastKnownFileType = image.png; path = Blue.png; sourceTree = "<group>"; };
		024C5D12190EC3EE005974B9 /* Blue@2x.png */ = {isa = PBXFileReference; lastKnownFileType = image.png; path = "Blue@2x.png"; sourceTree = "<group>"; };
		024C5D13190EC3EE005974B9 /* Brown.png */ = {isa = PBXFileReference; lastKnownFileType = image.png; path = Brown.png; sourceTree = "<group>"; };
		024C5D14190EC3EE005974B9 /* Brown@2x.png */ = {isa = PBXFileReference; lastKnownFileType = image.png; path = "Brown@2x.png"; sourceTree = "<group>"; };
		024C5D15190EC3EE005974B9 /* DarkGreen.png */ = {isa = PBXFileReference; lastKnownFileType = image.png; path = DarkGreen.png; sourceTree = "<group>"; };
		024C5D16190EC3EE005974B9 /* DarkGreen@2x.png */ = {isa = PBXFileReference; lastKnownFileType = image.png; path = "DarkGreen@2x.png"; sourceTree = "<group>"; };
		024C5D17190EC3EE005974B9 /* DarkOrange.png */ = {isa = PBXFileReference; lastKnownFileType = image.png; path = DarkOrange.png; sourceTree = "<group>"; };
		024C5D18190EC3EE005974B9 /* DarkOrange@2x.png */ = {isa = PBXFileReference; lastKnownFileType = image.png; path = "DarkOrange@2x.png"; sourceTree = "<group>"; };
		024C5D19190EC3EE005974B9 /* Eraser.png */ = {isa = PBXFileReference; lastKnownFileType = image.png; path = Eraser.png; sourceTree = "<group>"; };
		024C5D1A190EC3EE005974B9 /* Eraser@2x.png */ = {isa = PBXFileReference; lastKnownFileType = image.png; path = "Eraser@2x.png"; sourceTree = "<group>"; };
		024C5D1B190EC3EE005974B9 /* Grey.png */ = {isa = PBXFileReference; lastKnownFileType = image.png; path = Grey.png; sourceTree = "<group>"; };
		024C5D1C190EC3EE005974B9 /* Grey@2x.png */ = {isa = PBXFileReference; lastKnownFileType = image.png; path = "Grey@2x.png"; sourceTree = "<group>"; };
		024C5D1D190EC3EE005974B9 /* LightBlue.png */ = {isa = PBXFileReference; lastKnownFileType = image.png; path = LightBlue.png; sourceTree = "<group>"; };
		024C5D1E190EC3EE005974B9 /* LightBlue@2x.png */ = {isa = PBXFileReference; lastKnownFileType = image.png; path = "LightBlue@2x.png"; sourceTree = "<group>"; };
		024C5D1F190EC3EF005974B9 /* LightGreen.png */ = {isa = PBXFileReference; lastKnownFileType = image.png; path = LightGreen.png; sourceTree = "<group>"; };
		024C5D20190EC3EF005974B9 /* LightGreen@2x.png */ = {isa = PBXFileReference; lastKnownFileType = image.png; path = "LightGreen@2x.png"; sourceTree = "<group>"; };
		024C5D21190EC3EF005974B9 /* Red.png */ = {isa = PBXFileReference; lastKnownFileType = image.png; path = Red.png; sourceTree = "<group>"; };
		024C5D22190EC3EF005974B9 /* Red@2x.png */ = {isa = PBXFileReference; lastKnownFileType = image.png; path = "Red@2x.png"; sourceTree = "<group>"; };
		024C5D23190EC3EF005974B9 /* Setting-1.png */ = {isa = PBXFileReference; lastKnownFileType = image.png; path = "Setting-1.png"; sourceTree = "<group>"; };
		024C5D24190EC3EF005974B9 /* Setting-1@2x.png */ = {isa = PBXFileReference; lastKnownFileType = image.png; path = "Setting-1@2x.png"; sourceTree = "<group>"; };
		024C5D25190EC3EF005974B9 /* Setting-2.png */ = {isa = PBXFileReference; lastKnownFileType = image.png; path = "Setting-2.png"; sourceTree = "<group>"; };
		024C5D26190EC3EF005974B9 /* Setting-2@2x.png */ = {isa = PBXFileReference; lastKnownFileType = image.png; path = "Setting-2@2x.png"; sourceTree = "<group>"; };
		024C5D27190EC3EF005974B9 /* Yellow.png */ = {isa = PBXFileReference; lastKnownFileType = image.png; path = Yellow.png; sourceTree = "<group>"; };
		024C5D28190EC3EF005974B9 /* Yellow@2x.png */ = {isa = PBXFileReference; lastKnownFileType = image.png; path = "Yellow@2x.png"; sourceTree = "<group>"; };
		BFDEFBA6190FB2E600EFC891 /* SettingViewController.h */ = {isa = PBXFileReference; fileEncoding = 4; lastKnownFileType = sourcecode.c.h; path = SettingViewController.h; sourceTree = "<group>"; };
		BFDEFBA7190FB2E600EFC891 /* SettingViewController.m */ = {isa = PBXFileReference; fileEncoding = 4; lastKnownFileType = sourcecode.c.objc; path = SettingViewController.m; sourceTree = "<group>"; };
		BFDEFBAD191007C600EFC891 /* Main_iPhone.storyboard */ = {isa = PBXFileReference; fileEncoding = 4; lastKnownFileType = file.storyboard; path = Main_iPhone.storyboard; sourceTree = "<group>"; };
/* End PBXFileReference section */

/* Begin PBXFrameworksBuildPhase section */
		024C5C85190EA6D8005974B9 /* Frameworks */ = {
			isa = PBXFrameworksBuildPhase;
			buildActionMask = 2147483647;
			files = (
				024C5D09190EB36C005974B9 /* QuartzCore.framework in Frameworks */,
				024C5C8E190EA6D8005974B9 /* CoreGraphics.framework in Frameworks */,
				024C5C90190EA6D8005974B9 /* UIKit.framework in Frameworks */,
				024C5D06190EAB3D005974B9 /* libTouchVGCore.a in Frameworks */,
				024C5D05190EAB3D005974B9 /* libTouchVG.a in Frameworks */,
				024C5C8C190EA6D8005974B9 /* Foundation.framework in Frameworks */,
			);
			runOnlyForDeploymentPostprocessing = 0;
		};
/* End PBXFrameworksBuildPhase section */

/* Begin PBXGroup section */
		024C5C7F190EA6D8005974B9 = {
			isa = PBXGroup;
			children = (
				024C5CC4190EAB3D005974B9 /* touchvg */,
				024C5C91190EA6D8005974B9 /* HelloWorld */,
				024C5D0E190EC3EE005974B9 /* images */,
				024C5C8A190EA6D8005974B9 /* Frameworks */,
				024C5C89190EA6D8005974B9 /* Products */,
			);
			sourceTree = "<group>";
		};
		024C5C89190EA6D8005974B9 /* Products */ = {
			isa = PBXGroup;
			children = (
				024C5C88190EA6D8005974B9 /* HelloWorld.app */,
			);
			name = Products;
			sourceTree = "<group>";
		};
		024C5C8A190EA6D8005974B9 /* Frameworks */ = {
			isa = PBXGroup;
			children = (
				024C5D08190EB36C005974B9 /* QuartzCore.framework */,
				024C5C8B190EA6D8005974B9 /* Foundation.framework */,
				024C5C8D190EA6D8005974B9 /* CoreGraphics.framework */,
				024C5C8F190EA6D8005974B9 /* UIKit.framework */,
			);
			name = Frameworks;
			sourceTree = "<group>";
		};
		024C5C91190EA6D8005974B9 /* HelloWorld */ = {
			isa = PBXGroup;
			children = (
				BFDEFBAC191005EB00EFC891 /* class */,
				024C5C9A190EA6D8005974B9 /* AppDelegate.h */,
				024C5C9B190EA6D8005974B9 /* AppDelegate.m */,
				BFDEFBAD191007C600EFC891 /* Main_iPhone.storyboard */,
				024C5CA0190EA6D8005974B9 /* Main_iPad.storyboard */,
				024C5CA6190EA6D8005974B9 /* Images.xcassets */,
				024C5C92190EA6D8005974B9 /* Supporting Files */,
			);
			path = HelloWorld;
			sourceTree = "<group>";
		};
		024C5C92190EA6D8005974B9 /* Supporting Files */ = {
			isa = PBXGroup;
			children = (
				024C5C93190EA6D8005974B9 /* HelloWorld-Info.plist */,
				024C5C94190EA6D8005974B9 /* InfoPlist.strings */,
				024C5C97190EA6D8005974B9 /* main.m */,
				024C5C99190EA6D8005974B9 /* HelloWorld-Prefix.pch */,
			);
			name = "Supporting Files";
			sourceTree = "<group>";
		};
		024C5CC4190EAB3D005974B9 /* touchvg */ = {
			isa = PBXGroup;
			children = (
				024C5CC5190EAB3D005974B9 /* libTouchVG.a */,
				024C5CC6190EAB3D005974B9 /* libTouchVGCore.a */,
				024C5CC7190EAB3D005974B9 /* Readme.txt */,
				024C5CC8190EAB3D005974B9 /* TouchVG */,
				024C5CCD190EAB3D005974B9 /* TouchVGCore */,
			);
			path = touchvg;
			sourceTree = "<group>";
		};
		024C5CC8190EAB3D005974B9 /* TouchVG */ = {
			isa = PBXGroup;
			children = (
				024C5CC9190EAB3D005974B9 /* GiCanvasAdapter.h */,
				024C5CCA190EAB3D005974B9 /* GiPaintView.h */,
				024C5CCB190EAB3D005974B9 /* GiPaintViewDelegate.h */,
				024C5CCC190EAB3D005974B9 /* GiViewHelper.h */,
			);
			path = TouchVG;
			sourceTree = "<group>";
		};
		024C5CCD190EAB3D005974B9 /* TouchVGCore */ = {
			isa = PBXGroup;
			children = (
				024C5CCE190EAB3D005974B9 /* cmdbasic.h */,
				024C5CCF190EAB3D005974B9 /* cmdobserver.h */,
				024C5CD0190EAB3D005974B9 /* cmdsubject.h */,
				024C5CD1190EAB3D005974B9 /* gicanvas.h */,
				024C5CD2190EAB3D005974B9 /* gicolor.h */,
				024C5CD3190EAB3D005974B9 /* gicontxt.h */,
				024C5CD4190EAB3D005974B9 /* gicoreview.h */,
				024C5CD5190EAB3D005974B9 /* gigesture.h */,
				024C5CD6190EAB3D005974B9 /* gigraph.h */,
				024C5CD7190EAB3D005974B9 /* gilock.h */,
				024C5CD8190EAB3D005974B9 /* gipath.h */,
				024C5CD9190EAB3D005974B9 /* giplaying.h */,
				024C5CDA190EAB3D005974B9 /* giview.h */,
				024C5CDB190EAB3D005974B9 /* gixform.h */,
				024C5CDC190EAB3D005974B9 /* mgaction.h */,
				024C5CDD190EAB3D005974B9 /* mgbase.h */,
				024C5CDE190EAB3D005974B9 /* mgbasicsp.h */,
				024C5CDF190EAB3D005974B9 /* mgbasicspreg.h */,
				024C5CE0190EAB3D005974B9 /* mgbox.h */,
				024C5CE1190EAB3D005974B9 /* mgcmd.h */,
				024C5CE2190EAB3D005974B9 /* mgcmddraw.h */,
				024C5CE3190EAB3D005974B9 /* mgcmdmgr.h */,
				024C5CE4190EAB3D005974B9 /* mgcmdmgrfactory.h */,
				024C5CE5190EAB3D005974B9 /* mgcomposite.h */,
				024C5CE6190EAB3D005974B9 /* mgcoreview.h */,
				024C5CE7190EAB3D005974B9 /* mgcurv.h */,
				024C5CE8190EAB3D005974B9 /* mgdef.h */,
				024C5CE9190EAB3D005974B9 /* mgdrawarc.h */,
				024C5CEA190EAB3D005974B9 /* mgdrawrect.h */,
				024C5CEB190EAB3D005974B9 /* mggrid.h */,
				024C5CEC190EAB3D005974B9 /* mgjsonstorage.h */,
				024C5CED190EAB3D005974B9 /* mglayer.h */,
				024C5CEE190EAB3D005974B9 /* mglnrel.h */,
				024C5CEF190EAB3D005974B9 /* mglog.h */,
				024C5CF0190EAB3D005974B9 /* mgmat.h */,
				024C5CF1190EAB3D005974B9 /* mgnear.h */,
				024C5CF2190EAB3D005974B9 /* mgobject.h */,
				024C5CF3190EAB3D005974B9 /* mgpnt.h */,
				024C5CF4190EAB3D005974B9 /* mgselect.h */,
				024C5CF5190EAB3D005974B9 /* mgshape.h */,
				024C5CF6190EAB3D005974B9 /* mgshape_.h */,
				024C5CF7190EAB3D005974B9 /* mgshapedoc.h */,
				024C5CF8190EAB3D005974B9 /* mgshapes.h */,
				024C5CF9190EAB3D005974B9 /* mgshapet.h */,
				024C5CFA190EAB3D005974B9 /* mgshapetype.h */,
				024C5CFB190EAB3D005974B9 /* mgsnap.h */,
				024C5CFC190EAB3D005974B9 /* mgspfactory.h */,
				024C5CFD190EAB3D005974B9 /* mgstorage.h */,
				024C5CFE190EAB3D005974B9 /* mgtol.h */,
				024C5CFF190EAB3D005974B9 /* mgvec.h */,
				024C5D00190EAB3D005974B9 /* mgvector.h */,
				024C5D01190EAB3D005974B9 /* mgview.h */,
				024C5D02190EAB3D005974B9 /* RandomShape.h */,
				024C5D03190EAB3D005974B9 /* spfactoryimpl.h */,
				024C5D04190EAB3D005974B9 /* testcanvas.h */,
			);
			path = TouchVGCore;
			sourceTree = "<group>";
		};
		024C5D0E190EC3EE005974B9 /* images */ = {
			isa = PBXGroup;
			children = (
				024C5D0F190EC3EE005974B9 /* Black.png */,
				024C5D10190EC3EE005974B9 /* Black@2x.png */,
				024C5D11190EC3EE005974B9 /* Blue.png */,
				024C5D12190EC3EE005974B9 /* Blue@2x.png */,
				024C5D13190EC3EE005974B9 /* Brown.png */,
				024C5D14190EC3EE005974B9 /* Brown@2x.png */,
				024C5D15190EC3EE005974B9 /* DarkGreen.png */,
				024C5D16190EC3EE005974B9 /* DarkGreen@2x.png */,
				024C5D17190EC3EE005974B9 /* DarkOrange.png */,
				024C5D18190EC3EE005974B9 /* DarkOrange@2x.png */,
				024C5D19190EC3EE005974B9 /* Eraser.png */,
				024C5D1A190EC3EE005974B9 /* Eraser@2x.png */,
				024C5D1B190EC3EE005974B9 /* Grey.png */,
				024C5D1C190EC3EE005974B9 /* Grey@2x.png */,
				024C5D1D190EC3EE005974B9 /* LightBlue.png */,
				024C5D1E190EC3EE005974B9 /* LightBlue@2x.png */,
				024C5D1F190EC3EF005974B9 /* LightGreen.png */,
				024C5D20190EC3EF005974B9 /* LightGreen@2x.png */,
				024C5D21190EC3EF005974B9 /* Red.png */,
				024C5D22190EC3EF005974B9 /* Red@2x.png */,
				024C5D23190EC3EF005974B9 /* Setting-1.png */,
				024C5D24190EC3EF005974B9 /* Setting-1@2x.png */,
				024C5D25190EC3EF005974B9 /* Setting-2.png */,
				024C5D26190EC3EF005974B9 /* Setting-2@2x.png */,
				024C5D27190EC3EF005974B9 /* Yellow.png */,
				024C5D28190EC3EF005974B9 /* Yellow@2x.png */,
			);
			name = images;
			path = HelloWorld/images;
			sourceTree = "<group>";
		};
		BFDEFBAC191005EB00EFC891 /* class */ = {
			isa = PBXGroup;
			children = (
				BFDEFBA6190FB2E600EFC891 /* SettingViewController.h */,
				BFDEFBA7190FB2E600EFC891 /* SettingViewController.m */,
				024C5CA3190EA6D8005974B9 /* ViewController.h */,
				024C5CA4190EA6D8005974B9 /* ViewController.mm */,
			);
			name = class;
			sourceTree = "<group>";
		};
/* End PBXGroup section */

/* Begin PBXNativeTarget section */
		024C5C87190EA6D8005974B9 /* HelloWorld */ = {
			isa = PBXNativeTarget;
			buildConfigurationList = 024C5CBD190EA6D8005974B9 /* Build configuration list for PBXNativeTarget "HelloWorld" */;
			buildPhases = (
				024C5C84190EA6D8005974B9 /* Sources */,
				024C5C85190EA6D8005974B9 /* Frameworks */,
				024C5C86190EA6D8005974B9 /* Resources */,
			);
			buildRules = (
			);
			dependencies = (
			);
			name = HelloWorld;
			productName = HelloWorld;
			productReference = 024C5C88190EA6D8005974B9 /* HelloWorld.app */;
			productType = "com.apple.product-type.application";
		};
/* End PBXNativeTarget section */

/* Begin PBXProject section */
		024C5C80190EA6D8005974B9 /* Project object */ = {
			isa = PBXProject;
			attributes = {
				LastUpgradeCheck = 0510;
				ORGANIZATIONNAME = github.com/touchvg;
			};
			buildConfigurationList = 024C5C83190EA6D8005974B9 /* Build configuration list for PBXProject "HelloWorld" */;
			compatibilityVersion = "Xcode 3.2";
			developmentRegion = English;
			hasScannedForEncodings = 0;
			knownRegions = (
				en,
				Base,
			);
			mainGroup = 024C5C7F190EA6D8005974B9;
			productRefGroup = 024C5C89190EA6D8005974B9 /* Products */;
			projectDirPath = "";
			projectRoot = "";
			targets = (
				024C5C87190EA6D8005974B9 /* HelloWorld */,
			);
		};
/* End PBXProject section */

/* Begin PBXResourcesBuildPhase section */
		024C5C86190EA6D8005974B9 /* Resources */ = {
			isa = PBXResourcesBuildPhase;
			buildActionMask = 2147483647;
			files = (
				024C5D35190EC3EF005974B9 /* Grey.png in Resources */,
				024C5D2D190EC3EF005974B9 /* Brown.png in Resources */,
				024C5D3A190EC3EF005974B9 /* LightGreen@2x.png in Resources */,
				024C5D42190EC3EF005974B9 /* Yellow@2x.png in Resources */,
				024C5CA2190EA6D8005974B9 /* Main_iPad.storyboard in Resources */,
				024C5D3D190EC3EF005974B9 /* Setting-1.png in Resources */,
				024C5CA7190EA6D8005974B9 /* Images.xcassets in Resources */,
				024C5D38190EC3EF005974B9 /* LightBlue@2x.png in Resources */,
				024C5D31190EC3EF005974B9 /* DarkOrange.png in Resources */,
				024C5D3E190EC3EF005974B9 /* Setting-1@2x.png in Resources */,
				024C5D2C190EC3EF005974B9 /* Blue@2x.png in Resources */,
				024C5D41190EC3EF005974B9 /* Yellow.png in Resources */,
				024C5D2B190EC3EF005974B9 /* Blue.png in Resources */,
				024C5D29190EC3EF005974B9 /* Black.png in Resources */,
				024C5D2F190EC3EF005974B9 /* DarkGreen.png in Resources */,
				024C5D40190EC3EF005974B9 /* Setting-2@2x.png in Resources */,
				024C5D07190EAB3D005974B9 /* Readme.txt in Resources */,
				024C5D39190EC3EF005974B9 /* LightGreen.png in Resources */,
				024C5D32190EC3EF005974B9 /* DarkOrange@2x.png in Resources */,
				024C5D37190EC3EF005974B9 /* LightBlue.png in Resources */,
				024C5C96190EA6D8005974B9 /* InfoPlist.strings in Resources */,
				024C5D2E190EC3EF005974B9 /* Brown@2x.png in Resources */,
				024C5D36190EC3EF005974B9 /* Grey@2x.png in Resources */,
				024C5D3F190EC3EF005974B9 /* Setting-2.png in Resources */,
				024C5D34190EC3EF005974B9 /* Eraser@2x.png in Resources */,
				024C5D2A190EC3EF005974B9 /* Black@2x.png in Resources */,
				024C5D3B190EC3EF005974B9 /* Red.png in Resources */,
				024C5D30190EC3EF005974B9 /* DarkGreen@2x.png in Resources */,
				024C5D3C190EC3EF005974B9 /* Red@2x.png in Resources */,
				024C5D33190EC3EF005974B9 /* Eraser.png in Resources */,
				BFDEFBAE191007C600EFC891 /* Main_iPhone.storyboard in Resources */,
			);
			runOnlyForDeploymentPostprocessing = 0;
		};
/* End PBXResourcesBuildPhase section */

/* Begin PBXSourcesBuildPhase section */
		024C5C84190EA6D8005974B9 /* Sources */ = {
			isa = PBXSourcesBuildPhase;
			buildActionMask = 2147483647;
			files = (
				024C5CA5190EA6D8005974B9 /* ViewController.mm in Sources */,
				024C5C9C190EA6D8005974B9 /* AppDelegate.m in Sources */,
				024C5C98190EA6D8005974B9 /* main.m in Sources */,
				BFDEFBA8190FB2E600EFC891 /* SettingViewController.m in Sources */,
			);
			runOnlyForDeploymentPostprocessing = 0;
		};
/* End PBXSourcesBuildPhase section */

/* Begin PBXVariantGroup section */
		024C5C94190EA6D8005974B9 /* InfoPlist.strings */ = {
			isa = PBXVariantGroup;
			children = (
				024C5C95190EA6D8005974B9 /* en */,
			);
			name = InfoPlist.strings;
			sourceTree = "<group>";
		};
		024C5CA0190EA6D8005974B9 /* Main_iPad.storyboard */ = {
			isa = PBXVariantGroup;
			children = (
				024C5CA1190EA6D8005974B9 /* Base */,
			);
			name = Main_iPad.storyboard;
			sourceTree = "<group>";
		};
/* End PBXVariantGroup section */

/* Begin XCBuildConfiguration section */
		024C5CBB190EA6D8005974B9 /* Debug */ = {
			isa = XCBuildConfiguration;
			buildSettings = {
				ALWAYS_SEARCH_USER_PATHS = NO;
				CLANG_CXX_LANGUAGE_STANDARD = "gnu++0x";
				CLANG_CXX_LIBRARY = "libc++";
				CLANG_ENABLE_MODULES = YES;
				CLANG_ENABLE_OBJC_ARC = YES;
				CLANG_WARN_BOOL_CONVERSION = YES;
				CLANG_WARN_CONSTANT_CONVERSION = YES;
				CLANG_WARN_DIRECT_OBJC_ISA_USAGE = YES_ERROR;
				CLANG_WARN_EMPTY_BODY = YES;
				CLANG_WARN_ENUM_CONVERSION = YES;
				CLANG_WARN_INT_CONVERSION = YES;
				CLANG_WARN_OBJC_ROOT_CLASS = YES_ERROR;
				CLANG_WARN__DUPLICATE_METHOD_MATCH = YES;
				"CODE_SIGN_IDENTITY[sdk=iphoneos*]" = "iPhone Developer";
				COPY_PHASE_STRIP = NO;
				GCC_C_LANGUAGE_STANDARD = gnu99;
				GCC_DYNAMIC_NO_PIC = NO;
				GCC_OPTIMIZATION_LEVEL = 0;
				GCC_PREPROCESSOR_DEFINITIONS = (
					"DEBUG=1",
					"$(inherited)",
				);
				GCC_SYMBOLS_PRIVATE_EXTERN = NO;
				GCC_WARN_64_TO_32_BIT_CONVERSION = YES;
				GCC_WARN_ABOUT_RETURN_TYPE = YES_ERROR;
				GCC_WARN_UNDECLARED_SELECTOR = YES;
				GCC_WARN_UNINITIALIZED_AUTOS = YES;
				GCC_WARN_UNUSED_FUNCTION = YES;
				GCC_WARN_UNUSED_VARIABLE = YES;
				IPHONEOS_DEPLOYMENT_TARGET = 7.0;
				ONLY_ACTIVE_ARCH = YES;
				SDKROOT = iphoneos;
				TARGETED_DEVICE_FAMILY = "1,2";
			};
			name = Debug;
		};
		024C5CBC190EA6D8005974B9 /* Release */ = {
			isa = XCBuildConfiguration;
			buildSettings = {
				ALWAYS_SEARCH_USER_PATHS = NO;
				CLANG_CXX_LANGUAGE_STANDARD = "gnu++0x";
				CLANG_CXX_LIBRARY = "libc++";
				CLANG_ENABLE_MODULES = YES;
				CLANG_ENABLE_OBJC_ARC = YES;
				CLANG_WARN_BOOL_CONVERSION = YES;
				CLANG_WARN_CONSTANT_CONVERSION = YES;
				CLANG_WARN_DIRECT_OBJC_ISA_USAGE = YES_ERROR;
				CLANG_WARN_EMPTY_BODY = YES;
				CLANG_WARN_ENUM_CONVERSION = YES;
				CLANG_WARN_INT_CONVERSION = YES;
				CLANG_WARN_OBJC_ROOT_CLASS = YES_ERROR;
				CLANG_WARN__DUPLICATE_METHOD_MATCH = YES;
				"CODE_SIGN_IDENTITY[sdk=iphoneos*]" = "iPhone Developer";
				COPY_PHASE_STRIP = YES;
				ENABLE_NS_ASSERTIONS = NO;
				GCC_C_LANGUAGE_STANDARD = gnu99;
				GCC_WARN_64_TO_32_BIT_CONVERSION = YES;
				GCC_WARN_ABOUT_RETURN_TYPE = YES_ERROR;
				GCC_WARN_UNDECLARED_SELECTOR = YES;
				GCC_WARN_UNINITIALIZED_AUTOS = YES;
				GCC_WARN_UNUSED_FUNCTION = YES;
				GCC_WARN_UNUSED_VARIABLE = YES;
				IPHONEOS_DEPLOYMENT_TARGET = 7.0;
				SDKROOT = iphoneos;
				TARGETED_DEVICE_FAMILY = "1,2";
				VALIDATE_PRODUCT = YES;
			};
			name = Release;
		};
		024C5CBE190EA6D8005974B9 /* Debug */ = {
			isa = XCBuildConfiguration;
			buildSettings = {
				ASSETCATALOG_COMPILER_APPICON_NAME = AppIcon;
				ASSETCATALOG_COMPILER_LAUNCHIMAGE_NAME = LaunchImage;
				GCC_PRECOMPILE_PREFIX_HEADER = YES;
				GCC_PREFIX_HEADER = "HelloWorld/HelloWorld-Prefix.pch";
				INFOPLIST_FILE = "HelloWorld/HelloWorld-Info.plist";
				LIBRARY_SEARCH_PATHS = (
					"$(inherited)",
					touchvg,
				);
				PRODUCT_NAME = "$(TARGET_NAME)";
				WRAPPER_EXTENSION = app;
			};
			name = Debug;
		};
		024C5CBF190EA6D8005974B9 /* Release */ = {
			isa = XCBuildConfiguration;
			buildSettings = {
				ASSETCATALOG_COMPILER_APPICON_NAME = AppIcon;
				ASSETCATALOG_COMPILER_LAUNCHIMAGE_NAME = LaunchImage;
				GCC_PRECOMPILE_PREFIX_HEADER = YES;
				GCC_PREFIX_HEADER = "HelloWorld/HelloWorld-Prefix.pch";
				INFOPLIST_FILE = "HelloWorld/HelloWorld-Info.plist";
				LIBRARY_SEARCH_PATHS = (
					"$(inherited)",
					touchvg,
				);
				PRODUCT_NAME = "$(TARGET_NAME)";
				WRAPPER_EXTENSION = app;
			};
			name = Release;
		};
/* End XCBuildConfiguration section */

/* Begin XCConfigurationList section */
		024C5C83190EA6D8005974B9 /* Build configuration list for PBXProject "HelloWorld" */ = {
			isa = XCConfigurationList;
			buildConfigurations = (
				024C5CBB190EA6D8005974B9 /* Debug */,
				024C5CBC190EA6D8005974B9 /* Release */,
			);
			defaultConfigurationIsVisible = 0;
			defaultConfigurationName = Release;
		};
		024C5CBD190EA6D8005974B9 /* Build configuration list for PBXNativeTarget "HelloWorld" */ = {
			isa = XCConfigurationList;
			buildConfigurations = (
				024C5CBE190EA6D8005974B9 /* Debug */,
				024C5CBF190EA6D8005974B9 /* Release */,
			);
			defaultConfigurationIsVisible = 0;
			defaultConfigurationName = Release;
		};
/* End XCConfigurationList section */
	};
	rootObject = 024C5C80190EA6D8005974B9 /* Project object */;
}
